
Microsoft Visual Studio Solution File, Format Version 12.00
# Visual Studio Express 2012 for Windows Desktop
Project("{FAE04EC0-301F-11D3-BF4B-00C04F79EFBC}") = "OpenAPI Client", "OpenAPI Client\OpenAPI Client.csproj", "{C0018817-5853-4FBF-BE44-CBECB2589300}"
EndProject
Project("{FAE04EC0-301F-11D3-BF4B-00C04F79EFBC}") = "Example", "Example\Example.csproj", "{2F557F87-8B64-4401-89EA-BCE7A8A39F0D}"
EndProject
Global
	GlobalSection(SolutionConfigurationPlatforms) = preSolution
		Debug|Any CPU = Debug|Any CPU
		Release|Any CPU = Release|Any CPU
	EndGlobalSection
	GlobalSection(ProjectConfigurationPlatforms) = postSolution
		{C0018817-5853-4FBF-BE44-CBECB2589300}.Debug|Any CPU.ActiveCfg = Debug|Any CPU
		{C0018817-5853-4FBF-BE44-CBECB2589300}.Debug|Any CPU.Build.0 = Debug|Any CPU
		{C0018817-5853-4FBF-BE44-CBECB2589300}.Release|Any CPU.ActiveCfg = Release|Any CPU
		{C0018817-5853-4FBF-BE44-CBECB2589300}.Release|Any CPU.Build.0 = Release|Any CPU
		{2F557F87-8B64-4401-89EA-BCE7A8A39F0D}.Debug|Any CPU.ActiveCfg = Debug|Any CPU
		{2F557F87-8B64-4401-89EA-BCE7A8A39F0D}.Debug|Any CPU.Build.0 = Debug|Any CPU
		{2F557F87-8B64-4401-89EA-BCE7A8A39F0D}.Release|Any CPU.ActiveCfg = Release|Any CPU
		{2F557F87-8B64-4401-89EA-BCE7A8A39F0D}.Release|Any CPU.Build.0 = Release|Any CPU
	EndGlobalSection
	GlobalSection(SolutionProperties) = preSolution
		HideSolutionNode = FALSE
	EndGlobalSection
EndGlobal
